
Microsoft Visual Studio Solution File, Format Version 12.00
# Visual Studio Version 17
VisualStudioVersion = 17.8.34408.163
MinimumVisualStudioVersion = 10.0.40219.1
Project("{FAE04EC0-301F-11D3-BF4B-00C04F79EFBC}") = "Business", "Business\Business.csproj", "{AE9EFF0A-5A1E-4804-A0DD-2E5FADC7BA1F}"
EndProject
Project("{FAE04EC0-301F-11D3-BF4B-00C04F79EFBC}") = "DataAccess", "DataAccess\DataAccess.csproj", "{BA2DC45A-4A45-4237-BAC2-7C0EE0A140C1}"
EndProject
Project("{FAE04EC0-301F-11D3-BF4B-00C04F79EFBC}") = "Entities", "Entities\Entities.csproj", "{5C3EBAD2-F9AA-453A-B262-BAB5C2D86DBC}"
EndProject
Project("{FAE04EC0-301F-11D3-BF4B-00C04F79EFBC}") = "Core", "Core\Core.csproj", "{9E3BD200-8E1B-4933-B004-B45034F7EFC3}"
EndProject
Project("{FAE04EC0-301F-11D3-BF4B-00C04F79EFBC}") = "WebAPI", "WebAPI\WebAPI.csproj", "{06F9216B-A074-44F8-841C-ED4375AD8199}"
EndProject
Global
	GlobalSection(SolutionConfigurationPlatforms) = preSolution
		Debug|Any CPU = Debug|Any CPU
		Release|Any CPU = Release|Any CPU
	EndGlobalSection
	GlobalSection(ProjectConfigurationPlatforms) = postSolution
		{AE9EFF0A-5A1E-4804-A0DD-2E5FADC7BA1F}.Debug|Any CPU.ActiveCfg = Debug|Any CPU
		{AE9EFF0A-5A1E-4804-A0DD-2E5FADC7BA1F}.Debug|Any CPU.Build.0 = Debug|Any CPU
		{AE9EFF0A-5A1E-4804-A0DD-2E5FADC7BA1F}.Release|Any CPU.ActiveCfg = Release|Any CPU
		{AE9EFF0A-5A1E-4804-A0DD-2E5FADC7BA1F}.Release|Any CPU.Build.0 = Release|Any CPU
		{BA2DC45A-4A45-4237-BAC2-7C0EE0A140C1}.Debug|Any CPU.ActiveCfg = Debug|Any CPU
		{BA2DC45A-4A45-4237-BAC2-7C0EE0A140C1}.Debug|Any CPU.Build.0 = Debug|Any CPU
		{BA2DC45A-4A45-4237-BAC2-7C0EE0A140C1}.Release|Any CPU.ActiveCfg = Release|Any CPU
		{BA2DC45A-4A45-4237-BAC2-7C0EE0A140C1}.Release|Any CPU.Build.0 = Release|Any CPU
		{5C3EBAD2-F9AA-453A-B262-BAB5C2D86DBC}.Debug|Any CPU.ActiveCfg = Debug|Any CPU
		{5C3EBAD2-F9AA-453A-B262-BAB5C2D86DBC}.Debug|Any CPU.Build.0 = Debug|Any CPU
		{5C3EBAD2-F9AA-453A-B262-BAB5C2D86DBC}.Release|Any CPU.ActiveCfg = Release|Any CPU
		{5C3EBAD2-F9AA-453A-B262-BAB5C2D86DBC}.Release|Any CPU.Build.0 = Release|Any CPU
		{9E3BD200-8E1B-4933-B004-B45034F7EFC3}.Debug|Any CPU.ActiveCfg = Debug|Any CPU
		{9E3BD200-8E1B-4933-B004-B45034F7EFC3}.Debug|Any CPU.Build.0 = Debug|Any CPU
		{9E3BD200-8E1B-4933-B004-B45034F7EFC3}.Release|Any CPU.ActiveCfg = Release|Any CPU
		{9E3BD200-8E1B-4933-B004-B45034F7EFC3}.Release|Any CPU.Build.0 = Release|Any CPU
		{06F9216B-A074-44F8-841C-ED4375AD8199}.Debug|Any CPU.ActiveCfg = Debug|Any CPU
		{06F9216B-A074-44F8-841C-ED4375AD8199}.Debug|Any CPU.Build.0 = Debug|Any CPU
		{06F9216B-A074-44F8-841C-ED4375AD8199}.Release|Any CPU.ActiveCfg = Release|Any CPU
		{06F9216B-A074-44F8-841C-ED4375AD8199}.Release|Any CPU.Build.0 = Release|Any CPU
	EndGlobalSection
	GlobalSection(SolutionProperties) = preSolution
		HideSolutionNode = FALSE
	EndGlobalSection
	GlobalSection(ExtensibilityGlobals) = postSolution
		SolutionGuid = {0C96C5AE-BB1E-472E-AD4A-ABB6ABE48D2E}
	EndGlobalSection
EndGlobal
